// !$*UTF8*$!
{
	archiveVersion = 1;
	classes = {
	};
	objectVersion = 51;
	objects = {

/* Begin PBXBuildFile section */
		095D033DCDCBF826DAFDCC1B /* Pods_Messenger.framework in Frameworks */ = {isa = PBXBuildFile; fileRef = 7AAEE804B87647E3DC32BAD6 /* Pods_Messenger.framework */; };
		AB329A972691DD4500F24F05 /* LoginViewController.swift in Sources */ = {isa = PBXBuildFile; fileRef = AB329A962691DD4500F24F05 /* LoginViewController.swift */; };
		AB329A992691DD5200F24F05 /* RegisterViewController.swift in Sources */ = {isa = PBXBuildFile; fileRef = AB329A982691DD5200F24F05 /* RegisterViewController.swift */; };
		AB329A9B2691DD7B00F24F05 /* PhotoViewerViewController.swift in Sources */ = {isa = PBXBuildFile; fileRef = AB329A9A2691DD7B00F24F05 /* PhotoViewerViewController.swift */; };
		AB329A9D2691DD9C00F24F05 /* VideoPlayerViewController.swift in Sources */ = {isa = PBXBuildFile; fileRef = AB329A9C2691DD9C00F24F05 /* VideoPlayerViewController.swift */; };
		AB329A9F2691DDC600F24F05 /* NewConversationViewController.swift in Sources */ = {isa = PBXBuildFile; fileRef = AB329A9E2691DDC500F24F05 /* NewConversationViewController.swift */; };
		AB329AA12691DDE100F24F05 /* ProfileViewController.swift in Sources */ = {isa = PBXBuildFile; fileRef = AB329AA02691DDE100F24F05 /* ProfileViewController.swift */; };
		AB5407A4269426EB0099C0B7 /* DatabaseManager.swift in Sources */ = {isa = PBXBuildFile; fileRef = AB5407A3269426EB0099C0B7 /* DatabaseManager.swift */; };
		AB5EC6A72692D41D00B27C3D /* Extensions.swift in Sources */ = {isa = PBXBuildFile; fileRef = AB5EC6A62692D41D00B27C3D /* Extensions.swift */; };
		AB64F2D42691D8B1005565AE /* AppDelegate.swift in Sources */ = {isa = PBXBuildFile; fileRef = AB64F2D32691D8B1005565AE /* AppDelegate.swift */; };
		AB64F2D62691D8B1005565AE /* SceneDelegate.swift in Sources */ = {isa = PBXBuildFile; fileRef = AB64F2D52691D8B1005565AE /* SceneDelegate.swift */; };
		AB64F2D82691D8B1005565AE /* ConversationsViewController.swift in Sources */ = {isa = PBXBuildFile; fileRef = AB64F2D72691D8B1005565AE /* ConversationsViewController.swift */; };
		AB64F2DB2691D8B1005565AE /* Main.storyboard in Resources */ = {isa = PBXBuildFile; fileRef = AB64F2D92691D8B1005565AE /* Main.storyboard */; };
		AB64F2DD2691D8B3005565AE /* Assets.xcassets in Resources */ = {isa = PBXBuildFile; fileRef = AB64F2DC2691D8B3005565AE /* Assets.xcassets */; };
		AB64F2E02691D8B3005565AE /* LaunchScreen.storyboard in Resources */ = {isa = PBXBuildFile; fileRef = AB64F2DE2691D8B3005565AE /* LaunchScreen.storyboard */; };
		ABB03BC7269365D100E19394 /* GoogleService-Info.plist in Resources */ = {isa = PBXBuildFile; fileRef = ABB03BC6269365D100E19394 /* GoogleService-Info.plist */; };
/* End PBXBuildFile section */

/* Begin PBXFileReference section */
		688F8C506FEA48A2471C353D /* Pods-Messenger.release.xcconfig */ = {isa = PBXFileReference; includeInIndex = 1; lastKnownFileType = text.xcconfig; name = "Pods-Messenger.release.xcconfig"; path = "Target Support Files/Pods-Messenger/Pods-Messenger.release.xcconfig"; sourceTree = "<group>"; };
		7AAEE804B87647E3DC32BAD6 /* Pods_Messenger.framework */ = {isa = PBXFileReference; explicitFileType = wrapper.framework; includeInIndex = 0; path = Pods_Messenger.framework; sourceTree = BUILT_PRODUCTS_DIR; };
		8B25171FD35C73F9F7011C65 /* Pods-Messenger.debug.xcconfig */ = {isa = PBXFileReference; includeInIndex = 1; lastKnownFileType = text.xcconfig; name = "Pods-Messenger.debug.xcconfig"; path = "Target Support Files/Pods-Messenger/Pods-Messenger.debug.xcconfig"; sourceTree = "<group>"; };
		AB329A962691DD4500F24F05 /* LoginViewController.swift */ = {isa = PBXFileReference; lastKnownFileType = sourcecode.swift; path = LoginViewController.swift; sourceTree = "<group>"; };
		AB329A982691DD5200F24F05 /* RegisterViewController.swift */ = {isa = PBXFileReference; lastKnownFileType = sourcecode.swift; path = RegisterViewController.swift; sourceTree = "<group>"; };
		AB329A9A2691DD7B00F24F05 /* PhotoViewerViewController.swift */ = {isa = PBXFileReference; lastKnownFileType = sourcecode.swift; path = PhotoViewerViewController.swift; sourceTree = "<group>"; };
		AB329A9C2691DD9C00F24F05 /* VideoPlayerViewController.swift */ = {isa = PBXFileReference; lastKnownFileType = sourcecode.swift; path = VideoPlayerViewController.swift; sourceTree = "<group>"; };
		AB329A9E2691DDC500F24F05 /* NewConversationViewController.swift */ = {isa = PBXFileReference; lastKnownFileType = sourcecode.swift; path = NewConversationViewController.swift; sourceTree = "<group>"; };
		AB329AA02691DDE100F24F05 /* ProfileViewController.swift */ = {isa = PBXFileReference; lastKnownFileType = sourcecode.swift; path = ProfileViewController.swift; sourceTree = "<group>"; };
		AB5407A3269426EB0099C0B7 /* DatabaseManager.swift */ = {isa = PBXFileReference; lastKnownFileType = sourcecode.swift; path = DatabaseManager.swift; sourceTree = "<group>"; };
		AB5EC6A62692D41D00B27C3D /* Extensions.swift */ = {isa = PBXFileReference; lastKnownFileType = sourcecode.swift; path = Extensions.swift; sourceTree = "<group>"; };
		AB64F2D02691D8B1005565AE /* Messenger.app */ = {isa = PBXFileReference; explicitFileType = wrapper.application; includeInIndex = 0; path = Messenger.app; sourceTree = BUILT_PRODUCTS_DIR; };
		AB64F2D32691D8B1005565AE /* AppDelegate.swift */ = {isa = PBXFileReference; lastKnownFileType = sourcecode.swift; path = AppDelegate.swift; sourceTree = "<group>"; };
		AB64F2D52691D8B1005565AE /* SceneDelegate.swift */ = {isa = PBXFileReference; lastKnownFileType = sourcecode.swift; path = SceneDelegate.swift; sourceTree = "<group>"; };
		AB64F2D72691D8B1005565AE /* ConversationsViewController.swift */ = {isa = PBXFileReference; lastKnownFileType = sourcecode.swift; path = ConversationsViewController.swift; sourceTree = "<group>"; };
		AB64F2DA2691D8B1005565AE /* Base */ = {isa = PBXFileReference; lastKnownFileType = file.storyboard; name = Base; path = Base.lproj/Main.storyboard; sourceTree = "<group>"; };
		AB64F2DC2691D8B3005565AE /* Assets.xcassets */ = {isa = PBXFileReference; lastKnownFileType = folder.assetcatalog; path = Assets.xcassets; sourceTree = "<group>"; };
		AB64F2DF2691D8B3005565AE /* Base */ = {isa = PBXFileReference; lastKnownFileType = file.storyboard; name = Base; path = Base.lproj/LaunchScreen.storyboard; sourceTree = "<group>"; };
		AB64F2E12691D8B3005565AE /* Info.plist */ = {isa = PBXFileReference; lastKnownFileType = text.plist.xml; path = Info.plist; sourceTree = "<group>"; };
		ABB03BC6269365D100E19394 /* GoogleService-Info.plist */ = {isa = PBXFileReference; fileEncoding = 4; lastKnownFileType = text.plist.xml; path = "GoogleService-Info.plist"; sourceTree = "<group>"; };
/* End PBXFileReference section */

/* Begin PBXFrameworksBuildPhase section */
		AB64F2CD2691D8B1005565AE /* Frameworks */ = {
			isa = PBXFrameworksBuildPhase;
			buildActionMask = 2147483647;
			files = (
				095D033DCDCBF826DAFDCC1B /* Pods_Messenger.framework in Frameworks */,
			);
			runOnlyForDeploymentPostprocessing = 0;
		};
/* End PBXFrameworksBuildPhase section */

/* Begin PBXGroup section */
		7D87053EAE1C820FCEC15B1F /* Frameworks */ = {
			isa = PBXGroup;
			children = (
				7AAEE804B87647E3DC32BAD6 /* Pods_Messenger.framework */,
			);
			name = Frameworks;
			sourceTree = "<group>";
		};
		AB329A8F2691DBCB00F24F05 /* Controllers */ = {
			isa = PBXGroup;
			children = (
				AB329A902691DBD200F24F05 /* Login */,
				AB64F2D72691D8B1005565AE /* ConversationsViewController.swift */,
				AB329A9A2691DD7B00F24F05 /* PhotoViewerViewController.swift */,
				AB329A9C2691DD9C00F24F05 /* VideoPlayerViewController.swift */,
				AB329A9E2691DDC500F24F05 /* NewConversationViewController.swift */,
				AB329AA02691DDE100F24F05 /* ProfileViewController.swift */,
			);
			path = Controllers;
			sourceTree = "<group>";
		};
		AB329A902691DBD200F24F05 /* Login */ = {
			isa = PBXGroup;
			children = (
				AB329A962691DD4500F24F05 /* LoginViewController.swift */,
				AB329A982691DD5200F24F05 /* RegisterViewController.swift */,
			);
			path = Login;
			sourceTree = "<group>";
		};
		AB329A912691DBDA00F24F05 /* Views */ = {
			isa = PBXGroup;
			children = (
				AB329A952691DC4200F24F05 /* Storyboards */,
				AB64F2DC2691D8B3005565AE /* Assets.xcassets */,
			);
			path = Views;
			sourceTree = "<group>";
		};
		AB329A922691DBE200F24F05 /* Models */ = {
			isa = PBXGroup;
			children = (
			);
			path = Models;
			sourceTree = "<group>";
		};
		AB329A932691DBE600F24F05 /* ViewModels */ = {
			isa = PBXGroup;
			children = (
			);
			path = ViewModels;
			sourceTree = "<group>";
		};
		AB329A942691DBFC00F24F05 /* Resources */ = {
			isa = PBXGroup;
			children = (
				AB64F2D32691D8B1005565AE /* AppDelegate.swift */,
				AB64F2D52691D8B1005565AE /* SceneDelegate.swift */,
				AB5EC6A62692D41D00B27C3D /* Extensions.swift */,
				AB5407A3269426EB0099C0B7 /* DatabaseManager.swift */,
			);
			path = Resources;
			sourceTree = "<group>";
		};
		AB329A952691DC4200F24F05 /* Storyboards */ = {
			isa = PBXGroup;
			children = (
				AB64F2D92691D8B1005565AE /* Main.storyboard */,
				AB64F2DE2691D8B3005565AE /* LaunchScreen.storyboard */,
			);
			path = Storyboards;
			sourceTree = "<group>";
		};
		AB64F2C72691D8B1005565AE = {
			isa = PBXGroup;
			children = (
				AB64F2D22691D8B1005565AE /* Messenger */,
				AB64F2D12691D8B1005565AE /* Products */,
				E51DDF86339944D7D0EAF998 /* Pods */,
				7D87053EAE1C820FCEC15B1F /* Frameworks */,
			);
			sourceTree = "<group>";
		};
		AB64F2D12691D8B1005565AE /* Products */ = {
			isa = PBXGroup;
			children = (
				AB64F2D02691D8B1005565AE /* Messenger.app */,
			);
			name = Products;
			sourceTree = "<group>";
		};
		AB64F2D22691D8B1005565AE /* Messenger */ = {
			isa = PBXGroup;
			children = (
				AB329A942691DBFC00F24F05 /* Resources */,
				AB329A932691DBE600F24F05 /* ViewModels */,
				AB329A922691DBE200F24F05 /* Models */,
				AB329A912691DBDA00F24F05 /* Views */,
				AB329A8F2691DBCB00F24F05 /* Controllers */,
				AB64F2E12691D8B3005565AE /* Info.plist */,
				ABB03BC6269365D100E19394 /* GoogleService-Info.plist */,
			);
			path = Messenger;
			sourceTree = "<group>";
		};
		E51DDF86339944D7D0EAF998 /* Pods */ = {
			isa = PBXGroup;
			children = (
				8B25171FD35C73F9F7011C65 /* Pods-Messenger.debug.xcconfig */,
				688F8C506FEA48A2471C353D /* Pods-Messenger.release.xcconfig */,
			);
			path = Pods;
			sourceTree = "<group>";
		};
/* End PBXGroup section */

/* Begin PBXNativeTarget section */
		AB64F2CF2691D8B1005565AE /* Messenger */ = {
			isa = PBXNativeTarget;
			buildConfigurationList = AB64F2E42691D8B3005565AE /* Build configuration list for PBXNativeTarget "Messenger" */;
			buildPhases = (
				916B2A7A89EBFB72D8632113 /* [CP] Check Pods Manifest.lock */,
				AB64F2CC2691D8B1005565AE /* Sources */,
				AB64F2CD2691D8B1005565AE /* Frameworks */,
				AB64F2CE2691D8B1005565AE /* Resources */,
				B039E888A0B2A12A4819927B /* [CP] Embed Pods Frameworks */,
			);
			buildRules = (
			);
			dependencies = (
			);
			name = Messenger;
			productName = Messenger;
			productReference = AB64F2D02691D8B1005565AE /* Messenger.app */;
			productType = "com.apple.product-type.application";
		};
/* End PBXNativeTarget section */

/* Begin PBXProject section */
		AB64F2C82691D8B1005565AE /* Project object */ = {
			isa = PBXProject;
			attributes = {
				LastSwiftUpdateCheck = 1250;
				LastUpgradeCheck = 1250;
				TargetAttributes = {
					AB64F2CF2691D8B1005565AE = {
						CreatedOnToolsVersion = 12.5.1;
					};
				};
			};
			buildConfigurationList = AB64F2CB2691D8B1005565AE /* Build configuration list for PBXProject "Messenger" */;
			compatibilityVersion = "Xcode 9.3";
			developmentRegion = en;
			hasScannedForEncodings = 0;
			knownRegions = (
				en,
				Base,
			);
			mainGroup = AB64F2C72691D8B1005565AE;
			productRefGroup = AB64F2D12691D8B1005565AE /* Products */;
			projectDirPath = "";
			projectRoot = "";
			targets = (
				AB64F2CF2691D8B1005565AE /* Messenger */,
			);
		};
/* End PBXProject section */

/* Begin PBXResourcesBuildPhase section */
		AB64F2CE2691D8B1005565AE /* Resources */ = {
			isa = PBXResourcesBuildPhase;
			buildActionMask = 2147483647;
			files = (
				AB64F2E02691D8B3005565AE /* LaunchScreen.storyboard in Resources */,
				ABB03BC7269365D100E19394 /* GoogleService-Info.plist in Resources */,
				AB64F2DD2691D8B3005565AE /* Assets.xcassets in Resources */,
				AB64F2DB2691D8B1005565AE /* Main.storyboard in Resources */,
			);
			runOnlyForDeploymentPostprocessing = 0;
		};
/* End PBXResourcesBuildPhase section */

/* Begin PBXShellScriptBuildPhase section */
		916B2A7A89EBFB72D8632113 /* [CP] Check Pods Manifest.lock */ = {
			isa = PBXShellScriptBuildPhase;
			buildActionMask = 2147483647;
			files = (
			);
			inputFileListPaths = (
			);
			inputPaths = (
				"${PODS_PODFILE_DIR_PATH}/Podfile.lock",
				"${PODS_ROOT}/Manifest.lock",
			);
			name = "[CP] Check Pods Manifest.lock";
			outputFileListPaths = (
			);
			outputPaths = (
				"$(DERIVED_FILE_DIR)/Pods-Messenger-checkManifestLockResult.txt",
			);
			runOnlyForDeploymentPostprocessing = 0;
			shellPath = /bin/sh;
			shellScript = "diff \"${PODS_PODFILE_DIR_PATH}/Podfile.lock\" \"${PODS_ROOT}/Manifest.lock\" > /dev/null\nif [ $? != 0 ] ; then\n    # print error to STDERR\n    echo \"error: The sandbox is not in sync with the Podfile.lock. Run 'pod install' or update your CocoaPods installation.\" >&2\n    exit 1\nfi\n# This output is used by Xcode 'outputs' to avoid re-running this script phase.\necho \"SUCCESS\" > \"${SCRIPT_OUTPUT_FILE_0}\"\n";
			showEnvVarsInLog = 0;
		};
		B039E888A0B2A12A4819927B /* [CP] Embed Pods Frameworks */ = {
			isa = PBXShellScriptBuildPhase;
			buildActionMask = 2147483647;
			files = (
			);
			inputFileListPaths = (
				"${PODS_ROOT}/Target Support Files/Pods-Messenger/Pods-Messenger-frameworks-${CONFIGURATION}-input-files.xcfilelist",
			);
			name = "[CP] Embed Pods Frameworks";
			outputFileListPaths = (
				"${PODS_ROOT}/Target Support Files/Pods-Messenger/Pods-Messenger-frameworks-${CONFIGURATION}-output-files.xcfilelist",
			);
			runOnlyForDeploymentPostprocessing = 0;
			shellPath = /bin/sh;
			shellScript = "\"${PODS_ROOT}/Target Support Files/Pods-Messenger/Pods-Messenger-frameworks.sh\"\n";
			showEnvVarsInLog = 0;
		};
/* End PBXShellScriptBuildPhase section */

/* Begin PBXSourcesBuildPhase section */
		AB64F2CC2691D8B1005565AE /* Sources */ = {
			isa = PBXSourcesBuildPhase;
			buildActionMask = 2147483647;
			files = (
				AB329A972691DD4500F24F05 /* LoginViewController.swift in Sources */,
				AB5407A4269426EB0099C0B7 /* DatabaseManager.swift in Sources */,
				AB329A992691DD5200F24F05 /* RegisterViewController.swift in Sources */,
				AB329A9F2691DDC600F24F05 /* NewConversationViewController.swift in Sources */,
				AB64F2D82691D8B1005565AE /* ConversationsViewController.swift in Sources */,
				AB329A9D2691DD9C00F24F05 /* VideoPlayerViewController.swift in Sources */,
				AB5EC6A72692D41D00B27C3D /* Extensions.swift in Sources */,
				AB64F2D42691D8B1005565AE /* AppDelegate.swift in Sources */,
				AB329AA12691DDE100F24F05 /* ProfileViewController.swift in Sources */,
				AB64F2D62691D8B1005565AE /* SceneDelegate.swift in Sources */,
				AB329A9B2691DD7B00F24F05 /* PhotoViewerViewController.swift in Sources */,
			);
			runOnlyForDeploymentPostprocessing = 0;
		};
/* End PBXSourcesBuildPhase section */

/* Begin PBXVariantGroup section */
		AB64F2D92691D8B1005565AE /* Main.storyboard */ = {
			isa = PBXVariantGroup;
			children = (
				AB64F2DA2691D8B1005565AE /* Base */,
			);
			name = Main.storyboard;
			sourceTree = "<group>";
		};
		AB64F2DE2691D8B3005565AE /* LaunchScreen.storyboard */ = {
			isa = PBXVariantGroup;
			children = (
				AB64F2DF2691D8B3005565AE /* Base */,
			);
			name = LaunchScreen.storyboard;
			sourceTree = "<group>";
		};
/* End PBXVariantGroup section */

/* Begin XCBuildConfiguration section */
		AB64F2E22691D8B3005565AE /* Debug */ = {
			isa = XCBuildConfiguration;
			buildSettings = {
				ALWAYS_SEARCH_USER_PATHS = NO;
				CLANG_ANALYZER_NONNULL = YES;
				CLANG_ANALYZER_NUMBER_OBJECT_CONVERSION = YES_AGGRESSIVE;
				CLANG_CXX_LANGUAGE_STANDARD = "gnu++14";
				CLANG_CXX_LIBRARY = "libc++";
				CLANG_ENABLE_MODULES = YES;
				CLANG_ENABLE_OBJC_ARC = YES;
				CLANG_ENABLE_OBJC_WEAK = YES;
				CLANG_WARN_BLOCK_CAPTURE_AUTORELEASING = YES;
				CLANG_WARN_BOOL_CONVERSION = YES;
				CLANG_WARN_COMMA = YES;
				CLANG_WARN_CONSTANT_CONVERSION = YES;
				CLANG_WARN_DEPRECATED_OBJC_IMPLEMENTATIONS = YES;
				CLANG_WARN_DIRECT_OBJC_ISA_USAGE = YES_ERROR;
				CLANG_WARN_DOCUMENTATION_COMMENTS = YES;
				CLANG_WARN_EMPTY_BODY = YES;
				CLANG_WARN_ENUM_CONVERSION = YES;
				CLANG_WARN_INFINITE_RECURSION = YES;
				CLANG_WARN_INT_CONVERSION = YES;
				CLANG_WARN_NON_LITERAL_NULL_CONVERSION = YES;
				CLANG_WARN_OBJC_IMPLICIT_RETAIN_SELF = YES;
				CLANG_WARN_OBJC_LITERAL_CONVERSION = YES;
				CLANG_WARN_OBJC_ROOT_CLASS = YES_ERROR;
				CLANG_WARN_QUOTED_INCLUDE_IN_FRAMEWORK_HEADER = YES;
				CLANG_WARN_RANGE_LOOP_ANALYSIS = YES;
				CLANG_WARN_STRICT_PROTOTYPES = YES;
				CLANG_WARN_SUSPICIOUS_MOVE = YES;
				CLANG_WARN_UNGUARDED_AVAILABILITY = YES_AGGRESSIVE;
				CLANG_WARN_UNREACHABLE_CODE = YES;
				CLANG_WARN__DUPLICATE_METHOD_MATCH = YES;
				COPY_PHASE_STRIP = NO;
				DEBUG_INFORMATION_FORMAT = dwarf;
				ENABLE_STRICT_OBJC_MSGSEND = YES;
				ENABLE_TESTABILITY = YES;
				GCC_C_LANGUAGE_STANDARD = gnu11;
				GCC_DYNAMIC_NO_PIC = NO;
				GCC_NO_COMMON_BLOCKS = YES;
				GCC_OPTIMIZATION_LEVEL = 0;
				GCC_PREPROCESSOR_DEFINITIONS = (
					"DEBUG=1",
					"$(inherited)",
				);
				GCC_WARN_64_TO_32_BIT_CONVERSION = YES;
				GCC_WARN_ABOUT_RETURN_TYPE = YES_ERROR;
				GCC_WARN_UNDECLARED_SELECTOR = YES;
				GCC_WARN_UNINITIALIZED_AUTOS = YES_AGGRESSIVE;
				GCC_WARN_UNUSED_FUNCTION = YES;
				GCC_WARN_UNUSED_VARIABLE = YES;
				IPHONEOS_DEPLOYMENT_TARGET = 14.5;
				MTL_ENABLE_DEBUG_INFO = INCLUDE_SOURCE;
				MTL_FAST_MATH = YES;
				ONLY_ACTIVE_ARCH = YES;
				SDKROOT = iphoneos;
				SWIFT_ACTIVE_COMPILATION_CONDITIONS = DEBUG;
				SWIFT_OPTIMIZATION_LEVEL = "-Onone";
			};
			name = Debug;
		};
		AB64F2E32691D8B3005565AE /* Release */ = {
			isa = XCBuildConfiguration;
			buildSettings = {
				ALWAYS_SEARCH_USER_PATHS = NO;
				CLANG_ANALYZER_NONNULL = YES;
				CLANG_ANALYZER_NUMBER_OBJECT_CONVERSION = YES_AGGRESSIVE;
				CLANG_CXX_LANGUAGE_STANDARD = "gnu++14";
				CLANG_CXX_LIBRARY = "libc++";
				CLANG_ENABLE_MODULES = YES;
				CLANG_ENABLE_OBJC_ARC = YES;
				CLANG_ENABLE_OBJC_WEAK = YES;
				CLANG_WARN_BLOCK_CAPTURE_AUTORELEASING = YES;
				CLANG_WARN_BOOL_CONVERSION = YES;
				CLANG_WARN_COMMA = YES;
				CLANG_WARN_CONSTANT_CONVERSION = YES;
				CLANG_WARN_DEPRECATED_OBJC_IMPLEMENTATIONS = YES;
				CLANG_WARN_DIRECT_OBJC_ISA_USAGE = YES_ERROR;
				CLANG_WARN_DOCUMENTATION_COMMENTS = YES;
				CLANG_WARN_EMPTY_BODY = YES;
				CLANG_WARN_ENUM_CONVERSION = YES;
				CLANG_WARN_INFINITE_RECURSION = YES;
				CLANG_WARN_INT_CONVERSION = YES;
				CLANG_WARN_NON_LITERAL_NULL_CONVERSION = YES;
				CLANG_WARN_OBJC_IMPLICIT_RETAIN_SELF = YES;
				CLANG_WARN_OBJC_LITERAL_CONVERSION = YES;
				CLANG_WARN_OBJC_ROOT_CLASS = YES_ERROR;
				CLANG_WARN_QUOTED_INCLUDE_IN_FRAMEWORK_HEADER = YES;
				CLANG_WARN_RANGE_LOOP_ANALYSIS = YES;
				CLANG_WARN_STRICT_PROTOTYPES = YES;
				CLANG_WARN_SUSPICIOUS_MOVE = YES;
				CLANG_WARN_UNGUARDED_AVAILABILITY = YES_AGGRESSIVE;
				CLANG_WARN_UNREACHABLE_CODE = YES;
				CLANG_WARN__DUPLICATE_METHOD_MATCH = YES;
				COPY_PHASE_STRIP = NO;
				DEBUG_INFORMATION_FORMAT = "dwarf-with-dsym";
				ENABLE_NS_ASSERTIONS = NO;
				ENABLE_STRICT_OBJC_MSGSEND = YES;
				GCC_C_LANGUAGE_STANDARD = gnu11;
				GCC_NO_COMMON_BLOCKS = YES;
				GCC_WARN_64_TO_32_BIT_CONVERSION = YES;
				GCC_WARN_ABOUT_RETURN_TYPE = YES_ERROR;
				GCC_WARN_UNDECLARED_SELECTOR = YES;
				GCC_WARN_UNINITIALIZED_AUTOS = YES_AGGRESSIVE;
				GCC_WARN_UNUSED_FUNCTION = YES;
				GCC_WARN_UNUSED_VARIABLE = YES;
				IPHONEOS_DEPLOYMENT_TARGET = 14.5;
				MTL_ENABLE_DEBUG_INFO = NO;
				MTL_FAST_MATH = YES;
				SDKROOT = iphoneos;
				SWIFT_COMPILATION_MODE = wholemodule;
				SWIFT_OPTIMIZATION_LEVEL = "-O";
				VALIDATE_PRODUCT = YES;
			};
			name = Release;
		};
		AB64F2E52691D8B3005565AE /* Debug */ = {
			isa = XCBuildConfiguration;
			baseConfigurationReference = 8B25171FD35C73F9F7011C65 /* Pods-Messenger.debug.xcconfig */;
			buildSettings = {
				ASSETCATALOG_COMPILER_APPICON_NAME = AppIcon;
				ASSETCATALOG_COMPILER_GLOBAL_ACCENT_COLOR_NAME = AccentColor;
				CODE_SIGN_STYLE = Automatic;
				DEVELOPMENT_TEAM = WCQRQ8RKJR;
				INFOPLIST_FILE = Messenger/Info.plist;
				LD_RUNPATH_SEARCH_PATHS = (
					"$(inherited)",
					"@executable_path/Frameworks",
				);
				PRODUCT_BUNDLE_IDENTIFIER = com.oybek.Messenger;
				PRODUCT_NAME = "$(TARGET_NAME)";
				SWIFT_VERSION = 5.0;
				TARGETED_DEVICE_FAMILY = "1,2";
			};
			name = Debug;
		};
		AB64F2E62691D8B3005565AE /* Release */ = {
			isa = XCBuildConfiguration;
			baseConfigurationReference = 688F8C506FEA48A2471C353D /* Pods-Messenger.release.xcconfig */;
			buildSettings = {
				ASSETCATALOG_COMPILER_APPICON_NAME = AppIcon;
				ASSETCATALOG_COMPILER_GLOBAL_ACCENT_COLOR_NAME = AccentColor;
				CODE_SIGN_STYLE = Automatic;
				DEVELOPMENT_TEAM = WCQRQ8RKJR;
				INFOPLIST_FILE = Messenger/Info.plist;
				LD_RUNPATH_SEARCH_PATHS = (
					"$(inherited)",
					"@executable_path/Frameworks",
				);
				PRODUCT_BUNDLE_IDENTIFIER = com.oybek.Messenger;
				PRODUCT_NAME = "$(TARGET_NAME)";
				SWIFT_VERSION = 5.0;
				TARGETED_DEVICE_FAMILY = "1,2";
			};
			name = Release;
		};
/* End XCBuildConfiguration section */

/* Begin XCConfigurationList section */
		AB64F2CB2691D8B1005565AE /* Build configuration list for PBXProject "Messenger" */ = {
			isa = XCConfigurationList;
			buildConfigurations = (
				AB64F2E22691D8B3005565AE /* Debug */,
				AB64F2E32691D8B3005565AE /* Release */,
			);
			defaultConfigurationIsVisible = 0;
			defaultConfigurationName = Release;
		};
		AB64F2E42691D8B3005565AE /* Build configuration list for PBXNativeTarget "Messenger" */ = {
			isa = XCConfigurationList;
			buildConfigurations = (
				AB64F2E52691D8B3005565AE /* Debug */,
				AB64F2E62691D8B3005565AE /* Release */,
			);
			defaultConfigurationIsVisible = 0;
			defaultConfigurationName = Release;
		};
/* End XCConfigurationList section */
	};
	rootObject = AB64F2C82691D8B1005565AE /* Project object */;
}
